
Microsoft Visual Studio Solution File, Format Version 12.00
# Visual Studio 2012
Project("{8BC9CEB8-8B4A-11D0-8D11-00A0C91BC942}") = "Vision opdrachten week 1 - 2", "Vision opdrachten week 1 - 2\Vision opdrachten week 1 - 2.vcxproj", "{63EE7E9F-F3C7-41E3-8EE0-8E82F514CDFB}"
EndProject
Global
	GlobalSection(SolutionConfigurationPlatforms) = preSolution
		Debug|Win32 = Debug|Win32
		Release|Win32 = Release|Win32
	EndGlobalSection
	GlobalSection(ProjectConfigurationPlatforms) = postSolution
		{63EE7E9F-F3C7-41E3-8EE0-8E82F514CDFB}.Debug|Win32.ActiveCfg = Debug|Win32
		{63EE7E9F-F3C7-41E3-8EE0-8E82F514CDFB}.Debug|Win32.Build.0 = Debug|Win32
		{63EE7E9F-F3C7-41E3-8EE0-8E82F514CDFB}.Release|Win32.ActiveCfg = Release|Win32
		{63EE7E9F-F3C7-41E3-8EE0-8E82F514CDFB}.Release|Win32.Build.0 = Release|Win32
	EndGlobalSection
	GlobalSection(SolutionProperties) = preSolution
		HideSolutionNode = FALSE
	EndGlobalSection
EndGlobal
