
Microsoft Visual Studio Solution File, Format Version 12.00
# Visual Studio 2012
Project("{8BC9CEB8-8B4A-11D0-8D11-00A0C91BC942}") = "Week 1 - 2", "Week 1 - 2\Week 1 - 2.vcxproj", "{6E851160-B81E-45AC-8083-2C9204C025AB}"
EndProject
Project("{8BC9CEB8-8B4A-11D0-8D11-00A0C91BC942}") = "Vision-team17", "Vision-team17\Vision-team17.vcxproj", "{77EFD04E-55E8-4C5F-A8D9-EF6CE5F10EC3}"
EndProject
Project("{8BC9CEB8-8B4A-11D0-8D11-00A0C91BC942}") = "Week 3 - 4", "Week 3 - 4\Week 3 - 4.vcxproj", "{5356A0E3-0537-4C96-B619-C55380BA1E7D}"
EndProject
Project("{8BC9CEB8-8B4A-11D0-8D11-00A0C91BC942}") = "Week 5 - 6", "Week 5 - 6\Week 5 - 6.vcxproj", "{9E86B1AA-DC51-4A27-8357-DCA93C97393B}"
EndProject
Global
	GlobalSection(SolutionConfigurationPlatforms) = preSolution
		Debug|Win32 = Debug|Win32
		Release|Win32 = Release|Win32
	EndGlobalSection
	GlobalSection(ProjectConfigurationPlatforms) = postSolution
		{77EFD04E-55E8-4C5F-A8D9-EF6CE5F10EC3}.Debug|Win32.ActiveCfg = Debug|Win32
		{77EFD04E-55E8-4C5F-A8D9-EF6CE5F10EC3}.Debug|Win32.Build.0 = Debug|Win32
		{77EFD04E-55E8-4C5F-A8D9-EF6CE5F10EC3}.Release|Win32.ActiveCfg = Release|Win32
		{77EFD04E-55E8-4C5F-A8D9-EF6CE5F10EC3}.Release|Win32.Build.0 = Release|Win32
		{6E851160-B81E-45AC-8083-2C9204C025AB}.Debug|Win32.ActiveCfg = Debug|Win32
		{6E851160-B81E-45AC-8083-2C9204C025AB}.Debug|Win32.Build.0 = Debug|Win32
		{6E851160-B81E-45AC-8083-2C9204C025AB}.Release|Win32.ActiveCfg = Release|Win32
		{6E851160-B81E-45AC-8083-2C9204C025AB}.Release|Win32.Build.0 = Release|Win32
		{5356A0E3-0537-4C96-B619-C55380BA1E7D}.Debug|Win32.ActiveCfg = Debug|Win32
		{5356A0E3-0537-4C96-B619-C55380BA1E7D}.Debug|Win32.Build.0 = Debug|Win32
		{5356A0E3-0537-4C96-B619-C55380BA1E7D}.Release|Win32.ActiveCfg = Release|Win32
		{5356A0E3-0537-4C96-B619-C55380BA1E7D}.Release|Win32.Build.0 = Release|Win32
		{9E86B1AA-DC51-4A27-8357-DCA93C97393B}.Debug|Win32.ActiveCfg = Debug|Win32
		{9E86B1AA-DC51-4A27-8357-DCA93C97393B}.Debug|Win32.Build.0 = Debug|Win32
		{9E86B1AA-DC51-4A27-8357-DCA93C97393B}.Release|Win32.ActiveCfg = Release|Win32
		{9E86B1AA-DC51-4A27-8357-DCA93C97393B}.Release|Win32.Build.0 = Release|Win32
	EndGlobalSection
	GlobalSection(SolutionProperties) = preSolution
		HideSolutionNode = FALSE
	EndGlobalSection
EndGlobal
